// !$*UTF8*$!
{
	archiveVersion = 1;
	classes = {
	};
	objectVersion = 46;
	objects = {

/* Begin PBXBuildFile section */
		1A003F9D1D6D28BD0008E4B6 /* main.m in Sources */ = {isa = PBXBuildFile; fileRef = 1A003F9C1D6D28BD0008E4B6 /* main.m */; };
		1A003FA01D6D28BD0008E4B6 /* AppDelegate.m in Sources */ = {isa = PBXBuildFile; fileRef = 1A003F9F1D6D28BD0008E4B6 /* AppDelegate.m */; };
		1A003FA31D6D28BD0008E4B6 /* ViewController.m in Sources */ = {isa = PBXBuildFile; fileRef = 1A003FA21D6D28BD0008E4B6 /* ViewController.m */; };
		1A003FA61D6D28BD0008E4B6 /* Main.storyboard in Resources */ = {isa = PBXBuildFile; fileRef = 1A003FA41D6D28BD0008E4B6 /* Main.storyboard */; };
		1A003FA81D6D28BD0008E4B6 /* Assets.xcassets in Resources */ = {isa = PBXBuildFile; fileRef = 1A003FA71D6D28BD0008E4B6 /* Assets.xcassets */; };
		1A003FAB1D6D28BD0008E4B6 /* LaunchScreen.storyboard in Resources */ = {isa = PBXBuildFile; fileRef = 1A003FA91D6D28BD0008E4B6 /* LaunchScreen.storyboard */; };
		1A003FB61D6D28BD0008E4B6 /* ____DemoTests.m in Sources */ = {isa = PBXBuildFile; fileRef = 1A003FB51D6D28BD0008E4B6 /* ____DemoTests.m */; };
		1A003FC11D6D28BD0008E4B6 /* ____DemoUITests.m in Sources */ = {isa = PBXBuildFile; fileRef = 1A003FC01D6D28BD0008E4B6 /* ____DemoUITests.m */; };
		1A003FCF1D6D2EFA0008E4B6 /* Foundation+Log.m in Sources */ = {isa = PBXBuildFile; fileRef = 1A003FCE1D6D2EFA0008E4B6 /* Foundation+Log.m */; };
		BFD8F1561D6D6E1000C8CF9C /* ChineseString.m in Sources */ = {isa = PBXBuildFile; fileRef = BFD8F1531D6D6E1000C8CF9C /* ChineseString.m */; };
		BFD8F1571D6D6E1000C8CF9C /* pinyin.m in Sources */ = {isa = PBXBuildFile; fileRef = BFD8F1551D6D6E1000C8CF9C /* pinyin.m */; };
/* End PBXBuildFile section */

/* Begin PBXContainerItemProxy section */
		1A003FB21D6D28BD0008E4B6 /* PBXContainerItemProxy */ = {
			isa = PBXContainerItemProxy;
			containerPortal = 1A003F901D6D28BD0008E4B6 /* Project object */;
			proxyType = 1;
			remoteGlobalIDString = 1A003F971D6D28BD0008E4B6;
			remoteInfo = "通讯录-Demo";
		};
		1A003FBD1D6D28BD0008E4B6 /* PBXContainerItemProxy */ = {
			isa = PBXContainerItemProxy;
			containerPortal = 1A003F901D6D28BD0008E4B6 /* Project object */;
			proxyType = 1;
			remoteGlobalIDString = 1A003F971D6D28BD0008E4B6;
			remoteInfo = "通讯录-Demo";
		};
/* End PBXContainerItemProxy section */

/* Begin PBXFileReference section */
		1A003F981D6D28BD0008E4B6 /* 通讯录-Demo.app */ = {isa = PBXFileReference; explicitFileType = wrapper.application; includeInIndex = 0; path = "通讯录-Demo.app"; sourceTree = BUILT_PRODUCTS_DIR; };
		1A003F9C1D6D28BD0008E4B6 /* main.m */ = {isa = PBXFileReference; lastKnownFileType = sourcecode.c.objc; path = main.m; sourceTree = "<group>"; };
		1A003F9E1D6D28BD0008E4B6 /* AppDelegate.h */ = {isa = PBXFileReference; lastKnownFileType = sourcecode.c.h; path = AppDelegate.h; sourceTree = "<group>"; };
		1A003F9F1D6D28BD0008E4B6 /* AppDelegate.m */ = {isa = PBXFileReference; lastKnownFileType = sourcecode.c.objc; path = AppDelegate.m; sourceTree = "<group>"; };
		1A003FA11D6D28BD0008E4B6 /* ViewController.h */ = {isa = PBXFileReference; lastKnownFileType = sourcecode.c.h; path = ViewController.h; sourceTree = "<group>"; };
		1A003FA21D6D28BD0008E4B6 /* ViewController.m */ = {isa = PBXFileReference; lastKnownFileType = sourcecode.c.objc; path = ViewController.m; sourceTree = "<group>"; };
		1A003FA51D6D28BD0008E4B6 /* Base */ = {isa = PBXFileReference; lastKnownFileType = file.storyboard; name = Base; path = Base.lproj/Main.storyboard; sourceTree = "<group>"; };
		1A003FA71D6D28BD0008E4B6 /* Assets.xcassets */ = {isa = PBXFileReference; lastKnownFileType = folder.assetcatalog; path = Assets.xcassets; sourceTree = "<group>"; };
		1A003FAA1D6D28BD0008E4B6 /* Base */ = {isa = PBXFileReference; lastKnownFileType = file.storyboard; name = Base; path = Base.lproj/LaunchScreen.storyboard; sourceTree = "<group>"; };
		1A003FAC1D6D28BD0008E4B6 /* Info.plist */ = {isa = PBXFileReference; lastKnownFileType = text.plist.xml; path = Info.plist; sourceTree = "<group>"; };
		1A003FB11D6D28BD0008E4B6 /* 通讯录-DemoTests.xctest */ = {isa = PBXFileReference; explicitFileType = wrapper.cfbundle; includeInIndex = 0; path = "通讯录-DemoTests.xctest"; sourceTree = BUILT_PRODUCTS_DIR; };
		1A003FB51D6D28BD0008E4B6 /* ____DemoTests.m */ = {isa = PBXFileReference; lastKnownFileType = sourcecode.c.objc; path = "____DemoTests.m"; sourceTree = "<group>"; };
		1A003FB71D6D28BD0008E4B6 /* Info.plist */ = {isa = PBXFileReference; lastKnownFileType = text.plist.xml; path = Info.plist; sourceTree = "<group>"; };
		1A003FBC1D6D28BD0008E4B6 /* 通讯录-DemoUITests.xctest */ = {isa = PBXFileReference; explicitFileType = wrapper.cfbundle; includeInIndex = 0; path = "通讯录-DemoUITests.xctest"; sourceTree = BUILT_PRODUCTS_DIR; };
		1A003FC01D6D28BD0008E4B6 /* ____DemoUITests.m */ = {isa = PBXFileReference; lastKnownFileType = sourcecode.c.objc; path = "____DemoUITests.m"; sourceTree = "<group>"; };
		1A003FC21D6D28BD0008E4B6 /* Info.plist */ = {isa = PBXFileReference; lastKnownFileType = text.plist.xml; path = Info.plist; sourceTree = "<group>"; };
		1A003FCE1D6D2EFA0008E4B6 /* Foundation+Log.m */ = {isa = PBXFileReference; fileEncoding = 4; lastKnownFileType = sourcecode.c.objc; path = "Foundation+Log.m"; sourceTree = "<group>"; };
		BFD8F1521D6D6E1000C8CF9C /* ChineseString.h */ = {isa = PBXFileReference; fileEncoding = 4; lastKnownFileType = sourcecode.c.h; path = ChineseString.h; sourceTree = "<group>"; };
		BFD8F1531D6D6E1000C8CF9C /* ChineseString.m */ = {isa = PBXFileReference; fileEncoding = 4; lastKnownFileType = sourcecode.c.objc; path = ChineseString.m; sourceTree = "<group>"; };
		BFD8F1541D6D6E1000C8CF9C /* pinyin.h */ = {isa = PBXFileReference; fileEncoding = 4; lastKnownFileType = sourcecode.c.h; path = pinyin.h; sourceTree = "<group>"; };
		BFD8F1551D6D6E1000C8CF9C /* pinyin.m */ = {isa = PBXFileReference; fileEncoding = 4; lastKnownFileType = sourcecode.c.objc; path = pinyin.m; sourceTree = "<group>"; };
/* End PBXFileReference section */

/* Begin PBXFrameworksBuildPhase section */
		1A003F951D6D28BD0008E4B6 /* Frameworks */ = {
			isa = PBXFrameworksBuildPhase;
			buildActionMask = 2147483647;
			files = (
			);
			runOnlyForDeploymentPostprocessing = 0;
		};
		1A003FAE1D6D28BD0008E4B6 /* Frameworks */ = {
			isa = PBXFrameworksBuildPhase;
			buildActionMask = 2147483647;
			files = (
			);
			runOnlyForDeploymentPostprocessing = 0;
		};
		1A003FB91D6D28BD0008E4B6 /* Frameworks */ = {
			isa = PBXFrameworksBuildPhase;
			buildActionMask = 2147483647;
			files = (
			);
			runOnlyForDeploymentPostprocessing = 0;
		};
/* End PBXFrameworksBuildPhase section */

/* Begin PBXGroup section */
		1A003F8F1D6D28BD0008E4B6 = {
			isa = PBXGroup;
			children = (
				1A003F9A1D6D28BD0008E4B6 /* 通讯录-Demo */,
				1A003FB41D6D28BD0008E4B6 /* 通讯录-DemoTests */,
				1A003FBF1D6D28BD0008E4B6 /* 通讯录-DemoUITests */,
				1A003F991D6D28BD0008E4B6 /* Products */,
			);
			sourceTree = "<group>";
		};
		1A003F991D6D28BD0008E4B6 /* Products */ = {
			isa = PBXGroup;
			children = (
				1A003F981D6D28BD0008E4B6 /* 通讯录-Demo.app */,
				1A003FB11D6D28BD0008E4B6 /* 通讯录-DemoTests.xctest */,
				1A003FBC1D6D28BD0008E4B6 /* 通讯录-DemoUITests.xctest */,
			);
			name = Products;
			sourceTree = "<group>";
		};
		1A003F9A1D6D28BD0008E4B6 /* 通讯录-Demo */ = {
			isa = PBXGroup;
			children = (
				BFD8F1511D6D6E1000C8CF9C /* AddressBook */,
				1A003FCE1D6D2EFA0008E4B6 /* Foundation+Log.m */,
				1A003F9E1D6D28BD0008E4B6 /* AppDelegate.h */,
				1A003F9F1D6D28BD0008E4B6 /* AppDelegate.m */,
				1A003FA11D6D28BD0008E4B6 /* ViewController.h */,
				1A003FA21D6D28BD0008E4B6 /* ViewController.m */,
				1A003FA41D6D28BD0008E4B6 /* Main.storyboard */,
				1A003FA71D6D28BD0008E4B6 /* Assets.xcassets */,
				1A003FA91D6D28BD0008E4B6 /* LaunchScreen.storyboard */,
				1A003FAC1D6D28BD0008E4B6 /* Info.plist */,
				1A003F9B1D6D28BD0008E4B6 /* Supporting Files */,
			);
			path = "通讯录-Demo";
			sourceTree = "<group>";
		};
		1A003F9B1D6D28BD0008E4B6 /* Supporting Files */ = {
			isa = PBXGroup;
			children = (
				1A003F9C1D6D28BD0008E4B6 /* main.m */,
			);
			name = "Supporting Files";
			sourceTree = "<group>";
		};
		1A003FB41D6D28BD0008E4B6 /* 通讯录-DemoTests */ = {
			isa = PBXGroup;
			children = (
				1A003FB51D6D28BD0008E4B6 /* ____DemoTests.m */,
				1A003FB71D6D28BD0008E4B6 /* Info.plist */,
			);
			path = "通讯录-DemoTests";
			sourceTree = "<group>";
		};
		1A003FBF1D6D28BD0008E4B6 /* 通讯录-DemoUITests */ = {
			isa = PBXGroup;
			children = (
				1A003FC01D6D28BD0008E4B6 /* ____DemoUITests.m */,
				1A003FC21D6D28BD0008E4B6 /* Info.plist */,
			);
			path = "通讯录-DemoUITests";
			sourceTree = "<group>";
		};
		BFD8F1511D6D6E1000C8CF9C /* AddressBook */ = {
			isa = PBXGroup;
			children = (
				BFD8F1521D6D6E1000C8CF9C /* ChineseString.h */,
				BFD8F1531D6D6E1000C8CF9C /* ChineseString.m */,
				BFD8F1541D6D6E1000C8CF9C /* pinyin.h */,
				BFD8F1551D6D6E1000C8CF9C /* pinyin.m */,
			);
			path = AddressBook;
			sourceTree = "<group>";
		};
/* End PBXGroup section */

/* Begin PBXNativeTarget section */
		1A003F971D6D28BD0008E4B6 /* 通讯录-Demo */ = {
			isa = PBXNativeTarget;
			buildConfigurationList = 1A003FC51D6D28BD0008E4B6 /* Build configuration list for PBXNativeTarget "通讯录-Demo" */;
			buildPhases = (
				1A003F941D6D28BD0008E4B6 /* Sources */,
				1A003F951D6D28BD0008E4B6 /* Frameworks */,
				1A003F961D6D28BD0008E4B6 /* Resources */,
			);
			buildRules = (
			);
			dependencies = (
			);
			name = "通讯录-Demo";
			productName = "通讯录-Demo";
			productReference = 1A003F981D6D28BD0008E4B6 /* 通讯录-Demo.app */;
			productType = "com.apple.product-type.application";
		};
		1A003FB01D6D28BD0008E4B6 /* 通讯录-DemoTests */ = {
			isa = PBXNativeTarget;
			buildConfigurationList = 1A003FC81D6D28BD0008E4B6 /* Build configuration list for PBXNativeTarget "通讯录-DemoTests" */;
			buildPhases = (
				1A003FAD1D6D28BD0008E4B6 /* Sources */,
				1A003FAE1D6D28BD0008E4B6 /* Frameworks */,
				1A003FAF1D6D28BD0008E4B6 /* Resources */,
			);
			buildRules = (
			);
			dependencies = (
				1A003FB31D6D28BD0008E4B6 /* PBXTargetDependency */,
			);
			name = "通讯录-DemoTests";
			productName = "通讯录-DemoTests";
			productReference = 1A003FB11D6D28BD0008E4B6 /* 通讯录-DemoTests.xctest */;
			productType = "com.apple.product-type.bundle.unit-test";
		};
		1A003FBB1D6D28BD0008E4B6 /* 通讯录-DemoUITests */ = {
			isa = PBXNativeTarget;
			buildConfigurationList = 1A003FCB1D6D28BD0008E4B6 /* Build configuration list for PBXNativeTarget "通讯录-DemoUITests" */;
			buildPhases = (
				1A003FB81D6D28BD0008E4B6 /* Sources */,
				1A003FB91D6D28BD0008E4B6 /* Frameworks */,
				1A003FBA1D6D28BD0008E4B6 /* Resources */,
			);
			buildRules = (
			);
			dependencies = (
				1A003FBE1D6D28BD0008E4B6 /* PBXTargetDependency */,
			);
			name = "通讯录-DemoUITests";
			productName = "通讯录-DemoUITests";
			productReference = 1A003FBC1D6D28BD0008E4B6 /* 通讯录-DemoUITests.xctest */;
			productType = "com.apple.product-type.bundle.ui-testing";
		};
/* End PBXNativeTarget section */

/* Begin PBXProject section */
		1A003F901D6D28BD0008E4B6 /* Project object */ = {
			isa = PBXProject;
			attributes = {
				LastUpgradeCheck = 0730;
				ORGANIZATIONNAME = stkcctv;
				TargetAttributes = {
					1A003F971D6D28BD0008E4B6 = {
						CreatedOnToolsVersion = 7.3.1;
					};
					1A003FB01D6D28BD0008E4B6 = {
						CreatedOnToolsVersion = 7.3.1;
						TestTargetID = 1A003F971D6D28BD0008E4B6;
					};
					1A003FBB1D6D28BD0008E4B6 = {
						CreatedOnToolsVersion = 7.3.1;
						TestTargetID = 1A003F971D6D28BD0008E4B6;
					};
				};
			};
			buildConfigurationList = 1A003F931D6D28BD0008E4B6 /* Build configuration list for PBXProject "通讯录-Demo" */;
			compatibilityVersion = "Xcode 3.2";
			developmentRegion = English;
			hasScannedForEncodings = 0;
			knownRegions = (
				en,
				Base,
			);
			mainGroup = 1A003F8F1D6D28BD0008E4B6;
			productRefGroup = 1A003F991D6D28BD0008E4B6 /* Products */;
			projectDirPath = "";
			projectRoot = "";
			targets = (
				1A003F971D6D28BD0008E4B6 /* 通讯录-Demo */,
				1A003FB01D6D28BD0008E4B6 /* 通讯录-DemoTests */,
				1A003FBB1D6D28BD0008E4B6 /* 通讯录-DemoUITests */,
			);
		};
/* End PBXProject section */

/* Begin PBXResourcesBuildPhase section */
		1A003F961D6D28BD0008E4B6 /* Resources */ = {
			isa = PBXResourcesBuildPhase;
			buildActionMask = 2147483647;
			files = (
				1A003FAB1D6D28BD0008E4B6 /* LaunchScreen.storyboard in Resources */,
				1A003FA81D6D28BD0008E4B6 /* Assets.xcassets in Resources */,
				1A003FA61D6D28BD0008E4B6 /* Main.storyboard in Resources */,
			);
			runOnlyForDeploymentPostprocessing = 0;
		};
		1A003FAF1D6D28BD0008E4B6 /* Resources */ = {
			isa = PBXResourcesBuildPhase;
			buildActionMask = 2147483647;
			files = (
			);
			runOnlyForDeploymentPostprocessing = 0;
		};
		1A003FBA1D6D28BD0008E4B6 /* Resources */ = {
			isa = PBXResourcesBuildPhase;
			buildActionMask = 2147483647;
			files = (
			);
			runOnlyForDeploymentPostprocessing = 0;
		};
/* End PBXResourcesBuildPhase section */

/* Begin PBXSourcesBuildPhase section */
		1A003F941D6D28BD0008E4B6 /* Sources */ = {
			isa = PBXSourcesBuildPhase;
			buildActionMask = 2147483647;
			files = (
				1A003FA31D6D28BD0008E4B6 /* ViewController.m in Sources */,
				BFD8F1571D6D6E1000C8CF9C /* pinyin.m in Sources */,
				1A003FA01D6D28BD0008E4B6 /* AppDelegate.m in Sources */,
				1A003F9D1D6D28BD0008E4B6 /* main.m in Sources */,
				1A003FCF1D6D2EFA0008E4B6 /* Foundation+Log.m in Sources */,
				BFD8F1561D6D6E1000C8CF9C /* ChineseString.m in Sources */,
			);
			runOnlyForDeploymentPostprocessing = 0;
		};
		1A003FAD1D6D28BD0008E4B6 /* Sources */ = {
			isa = PBXSourcesBuildPhase;
			buildActionMask = 2147483647;
			files = (
				1A003FB61D6D28BD0008E4B6 /* ____DemoTests.m in Sources */,
			);
			runOnlyForDeploymentPostprocessing = 0;
		};
		1A003FB81D6D28BD0008E4B6 /* Sources */ = {
			isa = PBXSourcesBuildPhase;
			buildActionMask = 2147483647;
			files = (
				1A003FC11D6D28BD0008E4B6 /* ____DemoUITests.m in Sources */,
			);
			runOnlyForDeploymentPostprocessing = 0;
		};
/* End PBXSourcesBuildPhase section */

/* Begin PBXTargetDependency section */
		1A003FB31D6D28BD0008E4B6 /* PBXTargetDependency */ = {
			isa = PBXTargetDependency;
			target = 1A003F971D6D28BD0008E4B6 /* 通讯录-Demo */;
			targetProxy = 1A003FB21D6D28BD0008E4B6 /* PBXContainerItemProxy */;
		};
		1A003FBE1D6D28BD0008E4B6 /* PBXTargetDependency */ = {
			isa = PBXTargetDependency;
			target = 1A003F971D6D28BD0008E4B6 /* 通讯录-Demo */;
			targetProxy = 1A003FBD1D6D28BD0008E4B6 /* PBXContainerItemProxy */;
		};
/* End PBXTargetDependency section */

/* Begin PBXVariantGroup section */
		1A003FA41D6D28BD0008E4B6 /* Main.storyboard */ = {
			isa = PBXVariantGroup;
			children = (
				1A003FA51D6D28BD0008E4B6 /* Base */,
			);
			name = Main.storyboard;
			sourceTree = "<group>";
		};
		1A003FA91D6D28BD0008E4B6 /* LaunchScreen.storyboard */ = {
			isa = PBXVariantGroup;
			children = (
				1A003FAA1D6D28BD0008E4B6 /* Base */,
			);
			name = LaunchScreen.storyboard;
			sourceTree = "<group>";
		};
/* End PBXVariantGroup section */

/* Begin XCBuildConfiguration section */
		1A003FC31D6D28BD0008E4B6 /* Debug */ = {
			isa = XCBuildConfiguration;
			buildSettings = {
				ALWAYS_SEARCH_USER_PATHS = NO;
				CLANG_ANALYZER_NONNULL = YES;
				CLANG_CXX_LANGUAGE_STANDARD = "gnu++0x";
				CLANG_CXX_LIBRARY = "libc++";
				CLANG_ENABLE_MODULES = YES;
				CLANG_ENABLE_OBJC_ARC = YES;
				CLANG_WARN_BOOL_CONVERSION = YES;
				CLANG_WARN_CONSTANT_CONVERSION = YES;
				CLANG_WARN_DIRECT_OBJC_ISA_USAGE = YES_ERROR;
				CLANG_WARN_EMPTY_BODY = YES;
				CLANG_WARN_ENUM_CONVERSION = YES;
				CLANG_WARN_INT_CONVERSION = YES;
				CLANG_WARN_OBJC_ROOT_CLASS = YES_ERROR;
				CLANG_WARN_UNREACHABLE_CODE = YES;
				CLANG_WARN__DUPLICATE_METHOD_MATCH = YES;
				"CODE_SIGN_IDENTITY[sdk=iphoneos*]" = "iPhone Developer";
				COPY_PHASE_STRIP = NO;
				DEBUG_INFORMATION_FORMAT = dwarf;
				ENABLE_STRICT_OBJC_MSGSEND = YES;
				ENABLE_TESTABILITY = YES;
				GCC_C_LANGUAGE_STANDARD = gnu99;
				GCC_DYNAMIC_NO_PIC = NO;
				GCC_NO_COMMON_BLOCKS = YES;
				GCC_OPTIMIZATION_LEVEL = 0;
				GCC_PREPROCESSOR_DEFINITIONS = (
					"DEBUG=1",
					"$(inherited)",
				);
				GCC_WARN_64_TO_32_BIT_CONVERSION = YES;
				GCC_WARN_ABOUT_RETURN_TYPE = YES_ERROR;
				GCC_WARN_UNDECLARED_SELECTOR = YES;
				GCC_WARN_UNINITIALIZED_AUTOS = YES_AGGRESSIVE;
				GCC_WARN_UNUSED_FUNCTION = YES;
				GCC_WARN_UNUSED_VARIABLE = YES;
				IPHONEOS_DEPLOYMENT_TARGET = 7.0;
				MTL_ENABLE_DEBUG_INFO = YES;
				ONLY_ACTIVE_ARCH = YES;
				SDKROOT = iphoneos;
				TARGETED_DEVICE_FAMILY = "1,2";
			};
			name = Debug;
		};
		1A003FC41D6D28BD0008E4B6 /* Release */ = {
			isa = XCBuildConfiguration;
			buildSettings = {
				ALWAYS_SEARCH_USER_PATHS = NO;
				CLANG_ANALYZER_NONNULL = YES;
				CLANG_CXX_LANGUAGE_STANDARD = "gnu++0x";
				CLANG_CXX_LIBRARY = "libc++";
				CLANG_ENABLE_MODULES = YES;
				CLANG_ENABLE_OBJC_ARC = YES;
				CLANG_WARN_BOOL_CONVERSION = YES;
				CLANG_WARN_CONSTANT_CONVERSION = YES;
				CLANG_WARN_DIRECT_OBJC_ISA_USAGE = YES_ERROR;
				CLANG_WARN_EMPTY_BODY = YES;
				CLANG_WARN_ENUM_CONVERSION = YES;
				CLANG_WARN_INT_CONVERSION = YES;
				CLANG_WARN_OBJC_ROOT_CLASS = YES_ERROR;
				CLANG_WARN_UNREACHABLE_CODE = YES;
				CLANG_WARN__DUPLICATE_METHOD_MATCH = YES;
				"CODE_SIGN_IDENTITY[sdk=iphoneos*]" = "iPhone Developer";
				COPY_PHASE_STRIP = NO;
				DEBUG_INFORMATION_FORMAT = "dwarf-with-dsym";
				ENABLE_NS_ASSERTIONS = NO;
				ENABLE_STRICT_OBJC_MSGSEND = YES;
				GCC_C_LANGUAGE_STANDARD = gnu99;
				GCC_NO_COMMON_BLOCKS = YES;
				GCC_WARN_64_TO_32_BIT_CONVERSION = YES;
				GCC_WARN_ABOUT_RETURN_TYPE = YES_ERROR;
				GCC_WARN_UNDECLARED_SELECTOR = YES;
				GCC_WARN_UNINITIALIZED_AUTOS = YES_AGGRESSIVE;
				GCC_WARN_UNUSED_FUNCTION = YES;
				GCC_WARN_UNUSED_VARIABLE = YES;
				IPHONEOS_DEPLOYMENT_TARGET = 7.0;
				MTL_ENABLE_DEBUG_INFO = NO;
				SDKROOT = iphoneos;
				TARGETED_DEVICE_FAMILY = "1,2";
				VALIDATE_PRODUCT = YES;
			};
			name = Release;
		};
		1A003FC61D6D28BD0008E4B6 /* Debug */ = {
			isa = XCBuildConfiguration;
			buildSettings = {
				ASSETCATALOG_COMPILER_APPICON_NAME = AppIcon;
				INFOPLIST_FILE = "通讯录-Demo/Info.plist";
				IPHONEOS_DEPLOYMENT_TARGET = 7.0;
				LD_RUNPATH_SEARCH_PATHS = "$(inherited) @executable_path/Frameworks";
				PRODUCT_BUNDLE_IDENTIFIER = "com.shengHanDL.----Demo";
				PRODUCT_NAME = "$(TARGET_NAME)";
			};
			name = Debug;
		};
		1A003FC71D6D28BD0008E4B6 /* Release */ = {
			isa = XCBuildConfiguration;
			buildSettings = {
				ASSETCATALOG_COMPILER_APPICON_NAME = AppIcon;
				INFOPLIST_FILE = "通讯录-Demo/Info.plist";
				IPHONEOS_DEPLOYMENT_TARGET = 7.0;
				LD_RUNPATH_SEARCH_PATHS = "$(inherited) @executable_path/Frameworks";
				PRODUCT_BUNDLE_IDENTIFIER = "com.shengHanDL.----Demo";
				PRODUCT_NAME = "$(TARGET_NAME)";
			};
			name = Release;
		};
		1A003FC91D6D28BD0008E4B6 /* Debug */ = {
			isa = XCBuildConfiguration;
			buildSettings = {
				BUNDLE_LOADER = "$(TEST_HOST)";
				INFOPLIST_FILE = "通讯录-DemoTests/Info.plist";
				LD_RUNPATH_SEARCH_PATHS = "$(inherited) @executable_path/Frameworks @loader_path/Frameworks";
				PRODUCT_BUNDLE_IDENTIFIER = "com.shengHanDL.----DemoTests";
				PRODUCT_NAME = "$(TARGET_NAME)";
				TEST_HOST = "$(BUILT_PRODUCTS_DIR)/通讯录-Demo.app/通讯录-Demo";
			};
			name = Debug;
		};
		1A003FCA1D6D28BD0008E4B6 /* Release */ = {
			isa = XCBuildConfiguration;
			buildSettings = {
				BUNDLE_LOADER = "$(TEST_HOST)";
				INFOPLIST_FILE = "通讯录-DemoTests/Info.plist";
				LD_RUNPATH_SEARCH_PATHS = "$(inherited) @executable_path/Frameworks @loader_path/Frameworks";
				PRODUCT_BUNDLE_IDENTIFIER = "com.shengHanDL.----DemoTests";
				PRODUCT_NAME = "$(TARGET_NAME)";
				TEST_HOST = "$(BUILT_PRODUCTS_DIR)/通讯录-Demo.app/通讯录-Demo";
			};
			name = Release;
		};
		1A003FCC1D6D28BD0008E4B6 /* Debug */ = {
			isa = XCBuildConfiguration;
			buildSettings = {
				INFOPLIST_FILE = "通讯录-DemoUITests/Info.plist";
				LD_RUNPATH_SEARCH_PATHS = "$(inherited) @executable_path/Frameworks @loader_path/Frameworks";
				PRODUCT_BUNDLE_IDENTIFIER = "com.shengHanDL.----DemoUITests";
				PRODUCT_NAME = "$(TARGET_NAME)";
				TEST_TARGET_NAME = "通讯录-Demo";
			};
			name = Debug;
		};
		1A003FCD1D6D28BD0008E4B6 /* Release */ = {
			isa = XCBuildConfiguration;
			buildSettings = {
				INFOPLIST_FILE = "通讯录-DemoUITests/Info.plist";
				LD_RUNPATH_SEARCH_PATHS = "$(inherited) @executable_path/Frameworks @loader_path/Frameworks";
				PRODUCT_BUNDLE_IDENTIFIER = "com.shengHanDL.----DemoUITests";
				PRODUCT_NAME = "$(TARGET_NAME)";
				TEST_TARGET_NAME = "通讯录-Demo";
			};
			name = Release;
		};
/* End XCBuildConfiguration section */

/* Begin XCConfigurationList section */
		1A003F931D6D28BD0008E4B6 /* Build configuration list for PBXProject "通讯录-Demo" */ = {
			isa = XCConfigurationList;
			buildConfigurations = (
				1A003FC31D6D28BD0008E4B6 /* Debug */,
				1A003FC41D6D28BD0008E4B6 /* Release */,
			);
			defaultConfigurationIsVisible = 0;
			defaultConfigurationName = Release;
		};
		1A003FC51D6D28BD0008E4B6 /* Build configuration list for PBXNativeTarget "通讯录-Demo" */ = {
			isa = XCConfigurationList;
			buildConfigurations = (
				1A003FC61D6D28BD0008E4B6 /* Debug */,
				1A003FC71D6D28BD0008E4B6 /* Release */,
			);
			defaultConfigurationIsVisible = 0;
			defaultConfigurationName = Release;
		};
		1A003FC81D6D28BD0008E4B6 /* Build configuration list for PBXNativeTarget "通讯录-DemoTests" */ = {
			isa = XCConfigurationList;
			buildConfigurations = (
				1A003FC91D6D28BD0008E4B6 /* Debug */,
				1A003FCA1D6D28BD0008E4B6 /* Release */,
			);
			defaultConfigurationIsVisible = 0;
			defaultConfigurationName = Release;
		};
		1A003FCB1D6D28BD0008E4B6 /* Build configuration list for PBXNativeTarget "通讯录-DemoUITests" */ = {
			isa = XCConfigurationList;
			buildConfigurations = (
				1A003FCC1D6D28BD0008E4B6 /* Debug */,
				1A003FCD1D6D28BD0008E4B6 /* Release */,
			);
			defaultConfigurationIsVisible = 0;
			defaultConfigurationName = Release;
		};
/* End XCConfigurationList section */
	};
	rootObject = 1A003F901D6D28BD0008E4B6 /* Project object */;
}
